
Microsoft Visual Studio Solution File, Format Version 11.00
# Visual Studio 2010
Project("{FAE04EC0-301F-11D3-BF4B-00C04F79EFBC}") = "UnityEngine.UI", "UnityEngine.UI.csproj", "{4e97dac8-471b-8ebc-e6a8-7bf55a8b1a61}"
EndProject
Project("{FAE04EC0-301F-11D3-BF4B-00C04F79EFBC}") = "Hotfix", "Hotfix.csproj", "{78a2b70a-47a9-bb91-ab19-b39d3585d2c9}"
EndProject
Project("{FAE04EC0-301F-11D3-BF4B-00C04F79EFBC}") = "ILRTBind", "ILRTBind.csproj", "{0b27b7c1-31e8-d21a-6257-2168dc3e6001}"
EndProject
Project("{FAE04EC0-301F-11D3-BF4B-00C04F79EFBC}") = "UnityEngine.TestRunner", "UnityEngine.TestRunner.csproj", "{3adee074-3477-92db-d480-2b15f1a340bf}"
EndProject
Project("{FAE04EC0-301F-11D3-BF4B-00C04F79EFBC}") = "Skyunion", "Skyunion.csproj", "{d0bde294-3af4-cf58-2ad1-eb0465e0c856}"
EndProject
Project("{FAE04EC0-301F-11D3-BF4B-00C04F79EFBC}") = "Third", "Third.csproj", "{fab2a9e7-4489-4980-c675-4226d2f619bb}"
EndProject
Project("{FAE04EC0-301F-11D3-BF4B-00C04F79EFBC}") = "DOTweenPro.Scripts", "DOTweenPro.Scripts.csproj", "{07e82dc4-ddce-196c-ee67-2d53783f793b}"
EndProject
Project("{FAE04EC0-301F-11D3-BF4B-00C04F79EFBC}") = "Client", "Client.csproj", "{c52573f3-e233-1fb2-f37e-d72ba7227aee}"
EndProject
Project("{FAE04EC0-301F-11D3-BF4B-00C04F79EFBC}") = "Unity.Addressables.Tests", "Unity.Addressables.Tests.csproj", "{01b79ae7-963e-1005-0518-be61b6292928}"
EndProject
Project("{FAE04EC0-301F-11D3-BF4B-00C04F79EFBC}") = "Unity.TextMeshPro", "Unity.TextMeshPro.csproj", "{8d71dd6b-40dd-42ba-a075-6f69d1193500}"
EndProject
Project("{FAE04EC0-301F-11D3-BF4B-00C04F79EFBC}") = "Unity.Addressables", "Unity.Addressables.csproj", "{0eb2e432-fb2b-2ccc-9325-492834b2407f}"
EndProject
Project("{FAE04EC0-301F-11D3-BF4B-00C04F79EFBC}") = "Unity.Timeline", "Unity.Timeline.csproj", "{580f465d-fdca-07d7-25ea-19248de840f7}"
EndProject
Project("{FAE04EC0-301F-11D3-BF4B-00C04F79EFBC}") = "Unity.ResourceManager", "Unity.ResourceManager.csproj", "{e823aad4-29f6-0b64-44ac-3417e1d143ea}"
EndProject
Project("{FAE04EC0-301F-11D3-BF4B-00C04F79EFBC}") = "Unity.ResourceManager.Tests", "Unity.ResourceManager.Tests.csproj", "{9ce65a12-dddc-1b72-2331-63175fc90d39}"
EndProject
Project("{FAE04EC0-301F-11D3-BF4B-00C04F79EFBC}") = "Unity.ScriptableBuildPipeline", "Unity.ScriptableBuildPipeline.csproj", "{08454660-2aee-81bd-3a4a-ec280ef6ed74}"
EndProject
Project("{FAE04EC0-301F-11D3-BF4B-00C04F79EFBC}") = "Assembly-CSharp", "Assembly-CSharp.csproj", "{8441f412-22a4-275f-22e6-507969043f15}"
EndProject
Project("{FAE04EC0-301F-11D3-BF4B-00C04F79EFBC}") = "Native", "Native.csproj", "{0e589e18-71c5-f14b-3691-e24b8f0751c5}"
EndProject
Project("{FAE04EC0-301F-11D3-BF4B-00C04F79EFBC}") = "IFix", "IFix.csproj", "{93200fe5-de87-d674-217c-409a12d46e7e}"
EndProject
Project("{FAE04EC0-301F-11D3-BF4B-00C04F79EFBC}") = "DOTween.Modules", "DOTween.Modules.csproj", "{d71d0654-12b2-ef18-ceb9-4ef7960cc1ff}"
EndProject
Project("{FAE04EC0-301F-11D3-BF4B-00C04F79EFBC}") = "Game", "Game.csproj", "{4f0e08c9-cf0c-f02f-c846-1d130716d7c7}"
EndProject
Project("{FAE04EC0-301F-11D3-BF4B-00C04F79EFBC}") = "Assembly-CSharp-firstpass", "Assembly-CSharp-firstpass.csproj", "{8e399d07-fc4a-7ecd-7881-f923d075ebd1}"
EndProject
Project("{FAE04EC0-301F-11D3-BF4B-00C04F79EFBC}") = "Unity.Addressables.Editor", "Unity.Addressables.Editor.csproj", "{fc300297-e64a-0284-8f92-c35b433c7ea3}"
EndProject
Project("{FAE04EC0-301F-11D3-BF4B-00C04F79EFBC}") = "Unity.VisualStudio.Editor", "Unity.VisualStudio.Editor.csproj", "{6805584b-9530-10d5-222e-abc84e47fecf}"
EndProject
Project("{FAE04EC0-301F-11D3-BF4B-00C04F79EFBC}") = "Unity.Timeline.Editor", "Unity.Timeline.Editor.csproj", "{833d5cb4-bd07-5d94-ffa3-9eedba5ff57e}"
EndProject
Project("{FAE04EC0-301F-11D3-BF4B-00C04F79EFBC}") = "Unity.TextMeshPro.Editor", "Unity.TextMeshPro.Editor.csproj", "{fd665364-c963-e163-6596-4c20ad8e4434}"
EndProject
Project("{FAE04EC0-301F-11D3-BF4B-00C04F79EFBC}") = "Unity.Addressables.Editor.Tests", "Unity.Addressables.Editor.Tests.csproj", "{8e33ccf0-f2fd-c621-b7ef-0c62825c65d6}"
EndProject
Project("{FAE04EC0-301F-11D3-BF4B-00C04F79EFBC}") = "UnityEditor.TestRunner", "UnityEditor.TestRunner.csproj", "{127eea2a-80d7-fc35-47a6-a996cd9e6682}"
EndProject
Project("{FAE04EC0-301F-11D3-BF4B-00C04F79EFBC}") = "Assembly-CSharp-Editor", "Assembly-CSharp-Editor.csproj", "{9cf74455-0653-9f90-c855-53d6959d5dfd}"
EndProject
Project("{FAE04EC0-301F-11D3-BF4B-00C04F79EFBC}") = "Unity.Rider.Editor", "Unity.Rider.Editor.csproj", "{25ade108-912d-7485-4125-aac4e3673b6a}"
EndProject
Project("{FAE04EC0-301F-11D3-BF4B-00C04F79EFBC}") = "Unity.ScriptableBuildPipeline.Editor", "Unity.ScriptableBuildPipeline.Editor.csproj", "{2ec57df1-b9d7-6a73-9fb0-464ab69ced37}"
EndProject
Project("{FAE04EC0-301F-11D3-BF4B-00C04F79EFBC}") = "Unity.AddressableImporter.Editor", "Unity.AddressableImporter.Editor.csproj", "{262447a3-bcd8-1d8d-17b6-76018180c62e}"
EndProject
Project("{FAE04EC0-301F-11D3-BF4B-00C04F79EFBC}") = "Unity.VSCode.Editor", "Unity.VSCode.Editor.csproj", "{1249e745-55ff-a8e3-0f78-da587d5db6fe}"
EndProject
Project("{FAE04EC0-301F-11D3-BF4B-00C04F79EFBC}") = "Unity.AddressableImporter.Editor.Tests", "Unity.AddressableImporter.Editor.Tests.csproj", "{1fbd294c-9037-937e-51e4-18620f071878}"
EndProject
Project("{FAE04EC0-301F-11D3-BF4B-00C04F79EFBC}") = "Unity.2D.Sprite.Editor", "Unity.2D.Sprite.Editor.csproj", "{fb55fd7e-6775-88d8-5149-68fc6e544c36}"
EndProject
Project("{FAE04EC0-301F-11D3-BF4B-00C04F79EFBC}") = "UnityEditor.UI", "UnityEditor.UI.csproj", "{aa10a73a-0fb6-07c5-fcce-bc576a35745b}"
EndProject
Project("{FAE04EC0-301F-11D3-BF4B-00C04F79EFBC}") = "Skyunion.Editor", "Skyunion.Editor.csproj", "{c4773e91-1bc6-e27d-f85f-dba8fa2f0734}"
EndProject
Project("{FAE04EC0-301F-11D3-BF4B-00C04F79EFBC}") = "UnityEditor.CacheServer", "UnityEditor.CacheServer.csproj", "{d159ef64-c864-702e-b931-0c19da32b005}"
EndProject
Project("{FAE04EC0-301F-11D3-BF4B-00C04F79EFBC}") = "DOTweenPro.EditorScripts", "DOTweenPro.EditorScripts.csproj", "{d36321fe-9fa6-2ce1-7717-2e2f67aa1739}"
EndProject
Project("{FAE04EC0-301F-11D3-BF4B-00C04F79EFBC}") = "Assembly-CSharp-Editor-firstpass", "Assembly-CSharp-Editor-firstpass.csproj", "{6c069222-a403-3357-4636-43653c20a180}"
EndProject
Project("{FAE04EC0-301F-11D3-BF4B-00C04F79EFBC}") = "UnityEngine.UI", "UnityEngine.UI.Player.csproj", "{e38f8c2f-7cbd-a38c-eca1-da27684c1c85}"
EndProject
Project("{FAE04EC0-301F-11D3-BF4B-00C04F79EFBC}") = "Hotfix", "Hotfix.Player.csproj", "{df6908ac-6b4c-cd36-f3db-0607368faf2d}"
EndProject
Project("{FAE04EC0-301F-11D3-BF4B-00C04F79EFBC}") = "ILRTBind", "ILRTBind.Player.csproj", "{6ecfcf87-f98b-0532-b75b-76bc8e09e9cd}"
EndProject
Project("{FAE04EC0-301F-11D3-BF4B-00C04F79EFBC}") = "UnityEngine.TestRunner", "UnityEngine.TestRunner.Player.csproj", "{3fc0b19a-0600-3b3a-dfbd-c7b972aa2e6d}"
EndProject
Project("{FAE04EC0-301F-11D3-BF4B-00C04F79EFBC}") = "Skyunion", "Skyunion.Player.csproj", "{3811bd4c-5455-9bfd-f4d7-9a42e57e5a98}"
EndProject
Project("{FAE04EC0-301F-11D3-BF4B-00C04F79EFBC}") = "Third", "Third.Player.csproj", "{8d94bab3-ce0d-026d-a21b-d70c48deb362}"
EndProject
Project("{FAE04EC0-301F-11D3-BF4B-00C04F79EFBC}") = "DOTweenPro.Scripts", "DOTweenPro.Scripts.Player.csproj", "{1b087e1b-dad5-b601-7a99-d4173aa4dfec}"
EndProject
Project("{FAE04EC0-301F-11D3-BF4B-00C04F79EFBC}") = "Client", "Client.Player.csproj", "{6aea13ba-05ee-58e9-01a9-098b60e2d83e}"
EndProject
Project("{FAE04EC0-301F-11D3-BF4B-00C04F79EFBC}") = "Unity.Addressables.Tests", "Unity.Addressables.Tests.Player.csproj", "{b17e6090-c73a-cbc4-9ac5-a4d6cbc198d4}"
EndProject
Project("{FAE04EC0-301F-11D3-BF4B-00C04F79EFBC}") = "Unity.TextMeshPro", "Unity.TextMeshPro.Player.csproj", "{f9cc4414-28e1-43b3-0092-a6fc04027c30}"
EndProject
Project("{FAE04EC0-301F-11D3-BF4B-00C04F79EFBC}") = "Unity.Addressables", "Unity.Addressables.Player.csproj", "{a0dfe27e-86ec-9eee-6344-85280ab15a85}"
EndProject
Project("{FAE04EC0-301F-11D3-BF4B-00C04F79EFBC}") = "Unity.Timeline", "Unity.Timeline.Player.csproj", "{8ee854fc-4630-82c4-d683-fbb6f183d9f0}"
EndProject
Project("{FAE04EC0-301F-11D3-BF4B-00C04F79EFBC}") = "Unity.ResourceManager", "Unity.ResourceManager.Player.csproj", "{e45e6c2a-e61e-a46e-98be-e5172c73f9da}"
EndProject
Project("{FAE04EC0-301F-11D3-BF4B-00C04F79EFBC}") = "Unity.ResourceManager.Tests", "Unity.ResourceManager.Tests.Player.csproj", "{0f674c2b-0c2b-d362-4a53-cf21167a4ca4}"
EndProject
Project("{FAE04EC0-301F-11D3-BF4B-00C04F79EFBC}") = "Unity.ScriptableBuildPipeline", "Unity.ScriptableBuildPipeline.Player.csproj", "{91236d9c-957a-5572-9d2a-94e518711e5f}"
EndProject
Project("{FAE04EC0-301F-11D3-BF4B-00C04F79EFBC}") = "Assembly-CSharp", "Assembly-CSharp.Player.csproj", "{3c868207-ab00-5dac-5dcf-96bce3193bcc}"
EndProject
Project("{FAE04EC0-301F-11D3-BF4B-00C04F79EFBC}") = "Native", "Native.Player.csproj", "{34cc2130-7259-990e-bb21-a40dc891181c}"
EndProject
Project("{FAE04EC0-301F-11D3-BF4B-00C04F79EFBC}") = "IFix", "IFix.Player.csproj", "{ff3ef33f-1edf-d6cf-88b0-78fbfaa214e1}"
EndProject
Project("{FAE04EC0-301F-11D3-BF4B-00C04F79EFBC}") = "DOTween.Modules", "DOTween.Modules.Player.csproj", "{2a7e77b3-a59c-f316-8e38-bfa3148b82b9}"
EndProject
Project("{FAE04EC0-301F-11D3-BF4B-00C04F79EFBC}") = "Game", "Game.Player.csproj", "{b7c5f242-5664-7783-d531-df03bb6c63d0}"
EndProject
Project("{FAE04EC0-301F-11D3-BF4B-00C04F79EFBC}") = "Assembly-CSharp-firstpass", "Assembly-CSharp-firstpass.Player.csproj", "{a839e91e-f356-4a3c-63e9-1070e24aaa7c}"
EndProject
Project("{FAE04EC0-301F-11D3-BF4B-00C04F79EFBC}") = "Unity.ScriptableBuildPipeline.Editor.Tests", "Unity.ScriptableBuildPipeline.Editor.Tests.csproj", "{fc819d16-8360-d1b7-9247-f803a6971b4e}"
EndProject
Project("{FAE04EC0-301F-11D3-BF4B-00C04F79EFBC}") = "Unity.2D.Sprite.Package.EditorTests", "Unity.2D.Sprite.Package.EditorTests.csproj", "{dc07f61a-e219-c9d2-0aaa-a5d165733ff7}"
EndProject
Project("{FAE04EC0-301F-11D3-BF4B-00C04F79EFBC}") = "Unity.TextMeshPro.Editor.Tests", "Unity.TextMeshPro.Editor.Tests.csproj", "{0a03598d-9a8f-2be7-da60-30069457d1d5}"
EndProject
Project("{FAE04EC0-301F-11D3-BF4B-00C04F79EFBC}") = "DocCodeExamples", "DocCodeExamples.csproj", "{4941fe6d-eb8b-9f23-9558-392a88540cf8}"
EndProject
Project("{FAE04EC0-301F-11D3-BF4B-00C04F79EFBC}") = "UnityEngine.UI.Tests", "UnityEngine.UI.Tests.csproj", "{ed02c40f-4de1-ef5f-50df-8b1ae2187abd}"
EndProject
Project("{FAE04EC0-301F-11D3-BF4B-00C04F79EFBC}") = "Unity.TextMeshPro.Tests", "Unity.TextMeshPro.Tests.csproj", "{e803da15-a1dd-09c7-6195-66b145698563}"
EndProject
Project("{FAE04EC0-301F-11D3-BF4B-00C04F79EFBC}") = "UnityEditor.UI.EditorTests", "UnityEditor.UI.EditorTests.csproj", "{9173296f-c1e2-632a-38fc-5c86ad91008c}"
EndProject
Project("{FAE04EC0-301F-11D3-BF4B-00C04F79EFBC}") = "UnityEditor.CacheServerTests", "UnityEditor.CacheServerTests.csproj", "{edf55f39-0f80-164e-5d68-b2b417a36728}"
EndProject
Global
	GlobalSection(SolutionConfigurationPlatforms) = preSolution
		Debug|Any CPU = Debug|Any CPU
	EndGlobalSection
	GlobalSection(ProjectConfigurationPlatforms) = postSolution
		{4e97dac8-471b-8ebc-e6a8-7bf55a8b1a61}.Debug|Any CPU.ActiveCfg = Debug|Any CPU
		{4e97dac8-471b-8ebc-e6a8-7bf55a8b1a61}.Debug|Any CPU.Build.0 = Debug|Any CPU
		{78a2b70a-47a9-bb91-ab19-b39d3585d2c9}.Debug|Any CPU.ActiveCfg = Debug|Any CPU
		{78a2b70a-47a9-bb91-ab19-b39d3585d2c9}.Debug|Any CPU.Build.0 = Debug|Any CPU
		{0b27b7c1-31e8-d21a-6257-2168dc3e6001}.Debug|Any CPU.ActiveCfg = Debug|Any CPU
		{0b27b7c1-31e8-d21a-6257-2168dc3e6001}.Debug|Any CPU.Build.0 = Debug|Any CPU
		{3adee074-3477-92db-d480-2b15f1a340bf}.Debug|Any CPU.ActiveCfg = Debug|Any CPU
		{3adee074-3477-92db-d480-2b15f1a340bf}.Debug|Any CPU.Build.0 = Debug|Any CPU
		{d0bde294-3af4-cf58-2ad1-eb0465e0c856}.Debug|Any CPU.ActiveCfg = Debug|Any CPU
		{d0bde294-3af4-cf58-2ad1-eb0465e0c856}.Debug|Any CPU.Build.0 = Debug|Any CPU
		{fab2a9e7-4489-4980-c675-4226d2f619bb}.Debug|Any CPU.ActiveCfg = Debug|Any CPU
		{fab2a9e7-4489-4980-c675-4226d2f619bb}.Debug|Any CPU.Build.0 = Debug|Any CPU
		{07e82dc4-ddce-196c-ee67-2d53783f793b}.Debug|Any CPU.ActiveCfg = Debug|Any CPU
		{07e82dc4-ddce-196c-ee67-2d53783f793b}.Debug|Any CPU.Build.0 = Debug|Any CPU
		{c52573f3-e233-1fb2-f37e-d72ba7227aee}.Debug|Any CPU.ActiveCfg = Debug|Any CPU
		{c52573f3-e233-1fb2-f37e-d72ba7227aee}.Debug|Any CPU.Build.0 = Debug|Any CPU
		{01b79ae7-963e-1005-0518-be61b6292928}.Debug|Any CPU.ActiveCfg = Debug|Any CPU
		{01b79ae7-963e-1005-0518-be61b6292928}.Debug|Any CPU.Build.0 = Debug|Any CPU
		{8d71dd6b-40dd-42ba-a075-6f69d1193500}.Debug|Any CPU.ActiveCfg = Debug|Any CPU
		{8d71dd6b-40dd-42ba-a075-6f69d1193500}.Debug|Any CPU.Build.0 = Debug|Any CPU
		{0eb2e432-fb2b-2ccc-9325-492834b2407f}.Debug|Any CPU.ActiveCfg = Debug|Any CPU
		{0eb2e432-fb2b-2ccc-9325-492834b2407f}.Debug|Any CPU.Build.0 = Debug|Any CPU
		{580f465d-fdca-07d7-25ea-19248de840f7}.Debug|Any CPU.ActiveCfg = Debug|Any CPU
		{580f465d-fdca-07d7-25ea-19248de840f7}.Debug|Any CPU.Build.0 = Debug|Any CPU
		{e823aad4-29f6-0b64-44ac-3417e1d143ea}.Debug|Any CPU.ActiveCfg = Debug|Any CPU
		{e823aad4-29f6-0b64-44ac-3417e1d143ea}.Debug|Any CPU.Build.0 = Debug|Any CPU
		{9ce65a12-dddc-1b72-2331-63175fc90d39}.Debug|Any CPU.ActiveCfg = Debug|Any CPU
		{9ce65a12-dddc-1b72-2331-63175fc90d39}.Debug|Any CPU.Build.0 = Debug|Any CPU
		{08454660-2aee-81bd-3a4a-ec280ef6ed74}.Debug|Any CPU.ActiveCfg = Debug|Any CPU
		{08454660-2aee-81bd-3a4a-ec280ef6ed74}.Debug|Any CPU.Build.0 = Debug|Any CPU
		{8441f412-22a4-275f-22e6-507969043f15}.Debug|Any CPU.ActiveCfg = Debug|Any CPU
		{8441f412-22a4-275f-22e6-507969043f15}.Debug|Any CPU.Build.0 = Debug|Any CPU
		{0e589e18-71c5-f14b-3691-e24b8f0751c5}.Debug|Any CPU.ActiveCfg = Debug|Any CPU
		{0e589e18-71c5-f14b-3691-e24b8f0751c5}.Debug|Any CPU.Build.0 = Debug|Any CPU
		{93200fe5-de87-d674-217c-409a12d46e7e}.Debug|Any CPU.ActiveCfg = Debug|Any CPU
		{93200fe5-de87-d674-217c-409a12d46e7e}.Debug|Any CPU.Build.0 = Debug|Any CPU
		{d71d0654-12b2-ef18-ceb9-4ef7960cc1ff}.Debug|Any CPU.ActiveCfg = Debug|Any CPU
		{d71d0654-12b2-ef18-ceb9-4ef7960cc1ff}.Debug|Any CPU.Build.0 = Debug|Any CPU
		{4f0e08c9-cf0c-f02f-c846-1d130716d7c7}.Debug|Any CPU.ActiveCfg = Debug|Any CPU
		{4f0e08c9-cf0c-f02f-c846-1d130716d7c7}.Debug|Any CPU.Build.0 = Debug|Any CPU
		{8e399d07-fc4a-7ecd-7881-f923d075ebd1}.Debug|Any CPU.ActiveCfg = Debug|Any CPU
		{8e399d07-fc4a-7ecd-7881-f923d075ebd1}.Debug|Any CPU.Build.0 = Debug|Any CPU
		{fc300297-e64a-0284-8f92-c35b433c7ea3}.Debug|Any CPU.ActiveCfg = Debug|Any CPU
		{fc300297-e64a-0284-8f92-c35b433c7ea3}.Debug|Any CPU.Build.0 = Debug|Any CPU
		{6805584b-9530-10d5-222e-abc84e47fecf}.Debug|Any CPU.ActiveCfg = Debug|Any CPU
		{6805584b-9530-10d5-222e-abc84e47fecf}.Debug|Any CPU.Build.0 = Debug|Any CPU
		{833d5cb4-bd07-5d94-ffa3-9eedba5ff57e}.Debug|Any CPU.ActiveCfg = Debug|Any CPU
		{833d5cb4-bd07-5d94-ffa3-9eedba5ff57e}.Debug|Any CPU.Build.0 = Debug|Any CPU
		{fd665364-c963-e163-6596-4c20ad8e4434}.Debug|Any CPU.ActiveCfg = Debug|Any CPU
		{fd665364-c963-e163-6596-4c20ad8e4434}.Debug|Any CPU.Build.0 = Debug|Any CPU
		{8e33ccf0-f2fd-c621-b7ef-0c62825c65d6}.Debug|Any CPU.ActiveCfg = Debug|Any CPU
		{8e33ccf0-f2fd-c621-b7ef-0c62825c65d6}.Debug|Any CPU.Build.0 = Debug|Any CPU
		{127eea2a-80d7-fc35-47a6-a996cd9e6682}.Debug|Any CPU.ActiveCfg = Debug|Any CPU
		{127eea2a-80d7-fc35-47a6-a996cd9e6682}.Debug|Any CPU.Build.0 = Debug|Any CPU
		{9cf74455-0653-9f90-c855-53d6959d5dfd}.Debug|Any CPU.ActiveCfg = Debug|Any CPU
		{9cf74455-0653-9f90-c855-53d6959d5dfd}.Debug|Any CPU.Build.0 = Debug|Any CPU
		{25ade108-912d-7485-4125-aac4e3673b6a}.Debug|Any CPU.ActiveCfg = Debug|Any CPU
		{25ade108-912d-7485-4125-aac4e3673b6a}.Debug|Any CPU.Build.0 = Debug|Any CPU
		{2ec57df1-b9d7-6a73-9fb0-464ab69ced37}.Debug|Any CPU.ActiveCfg = Debug|Any CPU
		{2ec57df1-b9d7-6a73-9fb0-464ab69ced37}.Debug|Any CPU.Build.0 = Debug|Any CPU
		{262447a3-bcd8-1d8d-17b6-76018180c62e}.Debug|Any CPU.ActiveCfg = Debug|Any CPU
		{262447a3-bcd8-1d8d-17b6-76018180c62e}.Debug|Any CPU.Build.0 = Debug|Any CPU
		{1249e745-55ff-a8e3-0f78-da587d5db6fe}.Debug|Any CPU.ActiveCfg = Debug|Any CPU
		{1249e745-55ff-a8e3-0f78-da587d5db6fe}.Debug|Any CPU.Build.0 = Debug|Any CPU
		{1fbd294c-9037-937e-51e4-18620f071878}.Debug|Any CPU.ActiveCfg = Debug|Any CPU
		{1fbd294c-9037-937e-51e4-18620f071878}.Debug|Any CPU.Build.0 = Debug|Any CPU
		{fb55fd7e-6775-88d8-5149-68fc6e544c36}.Debug|Any CPU.ActiveCfg = Debug|Any CPU
		{fb55fd7e-6775-88d8-5149-68fc6e544c36}.Debug|Any CPU.Build.0 = Debug|Any CPU
		{aa10a73a-0fb6-07c5-fcce-bc576a35745b}.Debug|Any CPU.ActiveCfg = Debug|Any CPU
		{aa10a73a-0fb6-07c5-fcce-bc576a35745b}.Debug|Any CPU.Build.0 = Debug|Any CPU
		{c4773e91-1bc6-e27d-f85f-dba8fa2f0734}.Debug|Any CPU.ActiveCfg = Debug|Any CPU
		{c4773e91-1bc6-e27d-f85f-dba8fa2f0734}.Debug|Any CPU.Build.0 = Debug|Any CPU
		{d159ef64-c864-702e-b931-0c19da32b005}.Debug|Any CPU.ActiveCfg = Debug|Any CPU
		{d159ef64-c864-702e-b931-0c19da32b005}.Debug|Any CPU.Build.0 = Debug|Any CPU
		{d36321fe-9fa6-2ce1-7717-2e2f67aa1739}.Debug|Any CPU.ActiveCfg = Debug|Any CPU
		{d36321fe-9fa6-2ce1-7717-2e2f67aa1739}.Debug|Any CPU.Build.0 = Debug|Any CPU
		{6c069222-a403-3357-4636-43653c20a180}.Debug|Any CPU.ActiveCfg = Debug|Any CPU
		{6c069222-a403-3357-4636-43653c20a180}.Debug|Any CPU.Build.0 = Debug|Any CPU
		{e38f8c2f-7cbd-a38c-eca1-da27684c1c85}.Debug|Any CPU.ActiveCfg = Debug|Any CPU
		{e38f8c2f-7cbd-a38c-eca1-da27684c1c85}.Debug|Any CPU.Build.0 = Debug|Any CPU
		{df6908ac-6b4c-cd36-f3db-0607368faf2d}.Debug|Any CPU.ActiveCfg = Debug|Any CPU
		{df6908ac-6b4c-cd36-f3db-0607368faf2d}.Debug|Any CPU.Build.0 = Debug|Any CPU
		{6ecfcf87-f98b-0532-b75b-76bc8e09e9cd}.Debug|Any CPU.ActiveCfg = Debug|Any CPU
		{6ecfcf87-f98b-0532-b75b-76bc8e09e9cd}.Debug|Any CPU.Build.0 = Debug|Any CPU
		{3fc0b19a-0600-3b3a-dfbd-c7b972aa2e6d}.Debug|Any CPU.ActiveCfg = Debug|Any CPU
		{3fc0b19a-0600-3b3a-dfbd-c7b972aa2e6d}.Debug|Any CPU.Build.0 = Debug|Any CPU
		{3811bd4c-5455-9bfd-f4d7-9a42e57e5a98}.Debug|Any CPU.ActiveCfg = Debug|Any CPU
		{3811bd4c-5455-9bfd-f4d7-9a42e57e5a98}.Debug|Any CPU.Build.0 = Debug|Any CPU
		{8d94bab3-ce0d-026d-a21b-d70c48deb362}.Debug|Any CPU.ActiveCfg = Debug|Any CPU
		{8d94bab3-ce0d-026d-a21b-d70c48deb362}.Debug|Any CPU.Build.0 = Debug|Any CPU
		{1b087e1b-dad5-b601-7a99-d4173aa4dfec}.Debug|Any CPU.ActiveCfg = Debug|Any CPU
		{1b087e1b-dad5-b601-7a99-d4173aa4dfec}.Debug|Any CPU.Build.0 = Debug|Any CPU
		{6aea13ba-05ee-58e9-01a9-098b60e2d83e}.Debug|Any CPU.ActiveCfg = Debug|Any CPU
		{6aea13ba-05ee-58e9-01a9-098b60e2d83e}.Debug|Any CPU.Build.0 = Debug|Any CPU
		{b17e6090-c73a-cbc4-9ac5-a4d6cbc198d4}.Debug|Any CPU.ActiveCfg = Debug|Any CPU
		{b17e6090-c73a-cbc4-9ac5-a4d6cbc198d4}.Debug|Any CPU.Build.0 = Debug|Any CPU
		{f9cc4414-28e1-43b3-0092-a6fc04027c30}.Debug|Any CPU.ActiveCfg = Debug|Any CPU
		{f9cc4414-28e1-43b3-0092-a6fc04027c30}.Debug|Any CPU.Build.0 = Debug|Any CPU
		{a0dfe27e-86ec-9eee-6344-85280ab15a85}.Debug|Any CPU.ActiveCfg = Debug|Any CPU
		{a0dfe27e-86ec-9eee-6344-85280ab15a85}.Debug|Any CPU.Build.0 = Debug|Any CPU
		{8ee854fc-4630-82c4-d683-fbb6f183d9f0}.Debug|Any CPU.ActiveCfg = Debug|Any CPU
		{8ee854fc-4630-82c4-d683-fbb6f183d9f0}.Debug|Any CPU.Build.0 = Debug|Any CPU
		{e45e6c2a-e61e-a46e-98be-e5172c73f9da}.Debug|Any CPU.ActiveCfg = Debug|Any CPU
		{e45e6c2a-e61e-a46e-98be-e5172c73f9da}.Debug|Any CPU.Build.0 = Debug|Any CPU
		{0f674c2b-0c2b-d362-4a53-cf21167a4ca4}.Debug|Any CPU.ActiveCfg = Debug|Any CPU
		{0f674c2b-0c2b-d362-4a53-cf21167a4ca4}.Debug|Any CPU.Build.0 = Debug|Any CPU
		{91236d9c-957a-5572-9d2a-94e518711e5f}.Debug|Any CPU.ActiveCfg = Debug|Any CPU
		{91236d9c-957a-5572-9d2a-94e518711e5f}.Debug|Any CPU.Build.0 = Debug|Any CPU
		{3c868207-ab00-5dac-5dcf-96bce3193bcc}.Debug|Any CPU.ActiveCfg = Debug|Any CPU
		{3c868207-ab00-5dac-5dcf-96bce3193bcc}.Debug|Any CPU.Build.0 = Debug|Any CPU
		{34cc2130-7259-990e-bb21-a40dc891181c}.Debug|Any CPU.ActiveCfg = Debug|Any CPU
		{34cc2130-7259-990e-bb21-a40dc891181c}.Debug|Any CPU.Build.0 = Debug|Any CPU
		{ff3ef33f-1edf-d6cf-88b0-78fbfaa214e1}.Debug|Any CPU.ActiveCfg = Debug|Any CPU
		{ff3ef33f-1edf-d6cf-88b0-78fbfaa214e1}.Debug|Any CPU.Build.0 = Debug|Any CPU
		{2a7e77b3-a59c-f316-8e38-bfa3148b82b9}.Debug|Any CPU.ActiveCfg = Debug|Any CPU
		{2a7e77b3-a59c-f316-8e38-bfa3148b82b9}.Debug|Any CPU.Build.0 = Debug|Any CPU
		{b7c5f242-5664-7783-d531-df03bb6c63d0}.Debug|Any CPU.ActiveCfg = Debug|Any CPU
		{b7c5f242-5664-7783-d531-df03bb6c63d0}.Debug|Any CPU.Build.0 = Debug|Any CPU
		{a839e91e-f356-4a3c-63e9-1070e24aaa7c}.Debug|Any CPU.ActiveCfg = Debug|Any CPU
		{a839e91e-f356-4a3c-63e9-1070e24aaa7c}.Debug|Any CPU.Build.0 = Debug|Any CPU
		{fc819d16-8360-d1b7-9247-f803a6971b4e}.Debug|Any CPU.ActiveCfg = Debug|Any CPU
		{fc819d16-8360-d1b7-9247-f803a6971b4e}.Debug|Any CPU.Build.0 = Debug|Any CPU
		{dc07f61a-e219-c9d2-0aaa-a5d165733ff7}.Debug|Any CPU.ActiveCfg = Debug|Any CPU
		{dc07f61a-e219-c9d2-0aaa-a5d165733ff7}.Debug|Any CPU.Build.0 = Debug|Any CPU
		{0a03598d-9a8f-2be7-da60-30069457d1d5}.Debug|Any CPU.ActiveCfg = Debug|Any CPU
		{0a03598d-9a8f-2be7-da60-30069457d1d5}.Debug|Any CPU.Build.0 = Debug|Any CPU
		{4941fe6d-eb8b-9f23-9558-392a88540cf8}.Debug|Any CPU.ActiveCfg = Debug|Any CPU
		{4941fe6d-eb8b-9f23-9558-392a88540cf8}.Debug|Any CPU.Build.0 = Debug|Any CPU
		{ed02c40f-4de1-ef5f-50df-8b1ae2187abd}.Debug|Any CPU.ActiveCfg = Debug|Any CPU
		{ed02c40f-4de1-ef5f-50df-8b1ae2187abd}.Debug|Any CPU.Build.0 = Debug|Any CPU
		{e803da15-a1dd-09c7-6195-66b145698563}.Debug|Any CPU.ActiveCfg = Debug|Any CPU
		{e803da15-a1dd-09c7-6195-66b145698563}.Debug|Any CPU.Build.0 = Debug|Any CPU
		{9173296f-c1e2-632a-38fc-5c86ad91008c}.Debug|Any CPU.ActiveCfg = Debug|Any CPU
		{9173296f-c1e2-632a-38fc-5c86ad91008c}.Debug|Any CPU.Build.0 = Debug|Any CPU
		{edf55f39-0f80-164e-5d68-b2b417a36728}.Debug|Any CPU.ActiveCfg = Debug|Any CPU
		{edf55f39-0f80-164e-5d68-b2b417a36728}.Debug|Any CPU.Build.0 = Debug|Any CPU
	EndGlobalSection
	GlobalSection(SolutionProperties) = preSolution
		HideSolutionNode = FALSE
	EndGlobalSection
EndGlobal
